{
  "name": "vite-project",
  "version": "0.0.0",
  "lockfileVersion": 3,
  "requires": true,
  "packages": {
    "": {
      "name": "vite-project",
      "version": "0.0.0",
      "dependencies": {
        "@noir-lang/backend_barretenberg": "^0.19.4",
        "@noir-lang/noir_js": "^0.19.4"
      },
      "devDependencies": {
        "vite": "^5.0.8"
      }
    },
    "node_modules/@aztec/bb.js": {
      "version": "0.16.0",
      "resolved": "https://registry.npmjs.org/@aztec/bb.js/-/bb.js-0.16.0.tgz",
      "integrity": "sha512-RWx0Oiml+bgOA+cqdh+/jynLIUOFHKFsPpk7L9gWz8Di0UZg9AoTSSOG+pR3il5EGWA4cJp5Wp3ikOSq62gC7g==",
      "dependencies": {
        "comlink": "^4.4.1",
        "commander": "^10.0.1",
        "debug": "^4.3.4",
        "tslib": "^2.4.0"
      },
      "bin": {
        "bb.js": "dest/node/main.js"
      }
    },
    "node_modules/@esbuild/darwin-arm64": {
      "version": "0.19.11",
      "cpu": [
        "arm64"
      ],
      "dev": true,
      "license": "MIT",
      "optional": true,
      "os": [
        "darwin"
      ],
      "engines": {
        "node": ">=12"
      }
    },
    "node_modules/@noir-lang/acvm_js": {
      "version": "0.35.0",
      "resolved": "https://registry.npmjs.org/@noir-lang/acvm_js/-/acvm_js-0.35.0.tgz",
      "integrity": "sha512-LiQUSF3P4/1VGfMZc0hSivLs4oiPsRt+ADFBMF7sOg4oaImeQ4L6tu0Og2Wh1Pc0k2y1EXdv1EKxN2N1WRDdKg=="
    },
    "node_modules/@noir-lang/backend_barretenberg": {
      "version": "0.19.4",
      "resolved": "https://registry.npmjs.org/@noir-lang/backend_barretenberg/-/backend_barretenberg-0.19.4.tgz",
      "integrity": "sha512-gk8uyx3qJAXp7hNgzBpAyyoK5BV/8zoB+kQqVStuue6D9ByMTxvqL3juJ0Ivm+NYN/IqBIIkuFNTgiaD/2gHsA==",
      "dependencies": {
        "@aztec/bb.js": "0.16.0",
        "@noir-lang/types": "0.19.4",
        "fflate": "^0.8.0"
      }
    },
    "node_modules/@noir-lang/noir_js": {
      "version": "0.19.4",
      "resolved": "https://registry.npmjs.org/@noir-lang/noir_js/-/noir_js-0.19.4.tgz",
      "integrity": "sha512-V/3jLoor3dMuYuv0ad154M0Ko1xZWxx0qoRDLC/Y/xMH5Wbe5yH4yOvBjCXzQ0dLG5JX1IWGOCC7xxzpStk+hA==",
      "dependencies": {
        "@noir-lang/acvm_js": "0.35.0",
        "@noir-lang/noirc_abi": "0.19.4",
        "@noir-lang/types": "0.19.4"
      }
    },
    "node_modules/@noir-lang/noirc_abi": {
      "version": "0.19.4",
      "resolved": "https://registry.npmjs.org/@noir-lang/noirc_abi/-/noirc_abi-0.19.4.tgz",
      "integrity": "sha512-g3fa3rVGyvnqu1BQdXytCPzIFQDvK1kH9uMjNrEz5UG/LKl+EPvIl1Te8FcOsSi5/eVSbMWveyz3HJu+SwMjDQ=="
    },
    "node_modules/@noir-lang/types": {
      "version": "0.19.4",
      "resolved": "https://registry.npmjs.org/@noir-lang/types/-/types-0.19.4.tgz",
      "integrity": "sha512-NInyF1IQ1qNidhqyu1dxIYMatehnLI7eZz+9DaWH9t8TDA1RjIiUZ3wF2j/ukeTrk3RrhS+wj4t2cCVwv/aEiA==",
      "dependencies": {
        "@noir-lang/noirc_abi": "0.19.4"
      }
    },
    "node_modules/@rollup/rollup-darwin-arm64": {
      "version": "4.9.2",
      "cpu": [
        "arm64"
      ],
      "dev": true,
      "license": "MIT",
      "optional": true,
      "os": [
        "darwin"
      ]
    },
    "node_modules/comlink": {
      "version": "4.4.1",
      "resolved": "https://registry.npmjs.org/comlink/-/comlink-4.4.1.tgz",
      "integrity": "sha512-+1dlx0aY5Jo1vHy/tSsIGpSkN4tS9rZSW8FIhG0JH/crs9wwweswIo/POr451r7bZww3hFbPAKnTpimzL/mm4Q=="
    },
    "node_modules/commander": {
      "version": "10.0.1",
      "resolved": "https://registry.npmjs.org/commander/-/commander-10.0.1.tgz",
      "integrity": "sha512-y4Mg2tXshplEbSGzx7amzPwKKOCGuoSRP/CjEdwwk0FOGlUbq6lKuoyDZTNZkmxHdJtp54hdfY/JUrdL7Xfdug==",
      "engines": {
        "node": ">=14"
      }
    },
    "node_modules/debug": {
      "version": "4.3.4",
      "resolved": "https://registry.npmjs.org/debug/-/debug-4.3.4.tgz",
      "integrity": "sha512-PRWFHuSU3eDtQJPvnNY7Jcket1j0t5OuOsFzPPzsekD52Zl8qUfFIPEiswXqIvHWGVHOgX+7G/vCNNhehwxfkQ==",
      "dependencies": {
        "ms": "2.1.2"
      },
      "engines": {
        "node": ">=6.0"
      },
      "peerDependenciesMeta": {
        "supports-color": {
          "optional": true
        }
      }
    },
    "node_modules/esbuild": {
      "version": "0.19.11",
      "dev": true,
      "hasInstallScript": true,
      "license": "MIT",
      "bin": {
        "esbuild": "bin/esbuild"
      },
      "engines": {
        "node": ">=12"
      },
      "optionalDependencies": {
        "@esbuild/aix-ppc64": "0.19.11",
        "@esbuild/android-arm": "0.19.11",
        "@esbuild/android-arm64": "0.19.11",
        "@esbuild/android-x64": "0.19.11",
        "@esbuild/darwin-arm64": "0.19.11",
        "@esbuild/darwin-x64": "0.19.11",
        "@esbuild/freebsd-arm64": "0.19.11",
        "@esbuild/freebsd-x64": "0.19.11",
        "@esbuild/linux-arm": "0.19.11",
        "@esbuild/linux-arm64": "0.19.11",
        "@esbuild/linux-ia32": "0.19.11",
        "@esbuild/linux-loong64": "0.19.11",
        "@esbuild/linux-mips64el": "0.19.11",
        "@esbuild/linux-ppc64": "0.19.11",
        "@esbuild/linux-riscv64": "0.19.11",
        "@esbuild/linux-s390x": "0.19.11",
        "@esbuild/linux-x64": "0.19.11",
        "@esbuild/netbsd-x64": "0.19.11",
        "@esbuild/openbsd-x64": "0.19.11",
        "@esbuild/sunos-x64": "0.19.11",
        "@esbuild/win32-arm64": "0.19.11",
        "@esbuild/win32-ia32": "0.19.11",
        "@esbuild/win32-x64": "0.19.11"
      }
    },
    "node_modules/fflate": {
      "version": "0.8.1",
      "resolved": "https://registry.npmjs.org/fflate/-/fflate-0.8.1.tgz",
      "integrity": "sha512-/exOvEuc+/iaUm105QIiOt4LpBdMTWsXxqR0HDF35vx3fmaKzw7354gTilCh5rkzEt8WYyG//ku3h3nRmd7CHQ=="
    },
    "node_modules/fsevents": {
      "version": "2.3.3",
      "dev": true,
      "license": "MIT",
      "optional": true,
      "os": [
        "darwin"
      ],
      "engines": {
        "node": "^8.16.0 || ^10.6.0 || >=11.0.0"
      }
    },
    "node_modules/ms": {
      "version": "2.1.2",
      "resolved": "https://registry.npmjs.org/ms/-/ms-2.1.2.tgz",
      "integrity": "sha512-sGkPx+VjMtmA6MX27oA4FBFELFCZZ4S4XqeGOXCv68tT+jb3vk/RyaKWP0PTKyWtmLSM0b+adUTEvbs1PEaH2w=="
    },
    "node_modules/nanoid": {
      "version": "3.3.7",
      "dev": true,
      "funding": [
        {
          "type": "github",
          "url": "https://github.com/sponsors/ai"
        }
      ],
      "license": "MIT",
      "bin": {
        "nanoid": "bin/nanoid.cjs"
      },
      "engines": {
        "node": "^10 || ^12 || ^13.7 || ^14 || >=15.0.1"
      }
    },
    "node_modules/picocolors": {
      "version": "1.0.0",
      "dev": true,
      "license": "ISC"
    },
    "node_modules/postcss": {
      "version": "8.4.32",
      "dev": true,
      "funding": [
        {
          "type": "opencollective",
          "url": "https://opencollective.com/postcss/"
        },
        {
          "type": "tidelift",
          "url": "https://tidelift.com/funding/github/npm/postcss"
        },
        {
          "type": "github",
          "url": "https://github.com/sponsors/ai"
        }
      ],
      "license": "MIT",
      "dependencies": {
        "nanoid": "^3.3.7",
        "picocolors": "^1.0.0",
        "source-map-js": "^1.0.2"
      },
      "engines": {
        "node": "^10 || ^12 || >=14"
      }
    },
    "node_modules/rollup": {
      "version": "4.9.2",
      "dev": true,
      "license": "MIT",
      "bin": {
        "rollup": "dist/bin/rollup"
      },
      "engines": {
        "node": ">=18.0.0",
        "npm": ">=8.0.0"
      },
      "optionalDependencies": {
        "@rollup/rollup-android-arm-eabi": "4.9.2",
        "@rollup/rollup-android-arm64": "4.9.2",
        "@rollup/rollup-darwin-arm64": "4.9.2",
        "@rollup/rollup-darwin-x64": "4.9.2",
        "@rollup/rollup-linux-arm-gnueabihf": "4.9.2",
        "@rollup/rollup-linux-arm64-gnu": "4.9.2",
        "@rollup/rollup-linux-arm64-musl": "4.9.2",
        "@rollup/rollup-linux-riscv64-gnu": "4.9.2",
        "@rollup/rollup-linux-x64-gnu": "4.9.2",
        "@rollup/rollup-linux-x64-musl": "4.9.2",
        "@rollup/rollup-win32-arm64-msvc": "4.9.2",
        "@rollup/rollup-win32-ia32-msvc": "4.9.2",
        "@rollup/rollup-win32-x64-msvc": "4.9.2",
        "fsevents": "~2.3.2"
      }
    },
    "node_modules/source-map-js": {
      "version": "1.0.2",
      "dev": true,
      "license": "BSD-3-Clause",
      "engines": {
        "node": ">=0.10.0"
      }
    },
    "node_modules/tslib": {
      "version": "2.6.2",
      "resolved": "https://registry.npmjs.org/tslib/-/tslib-2.6.2.tgz",
      "integrity": "sha512-AEYxH93jGFPn/a2iVAwW87VuUIkR1FVUKB77NwMF7nBTDkDrrT/Hpt/IrCJ0QXhW27jTBDcf5ZY7w6RiqTMw2Q=="
    },
    "node_modules/vite": {
      "version": "5.0.10",
      "dev": true,
      "license": "MIT",
      "dependencies": {
        "esbuild": "^0.19.3",
        "postcss": "^8.4.32",
        "rollup": "^4.2.0"
      },
      "bin": {
        "vite": "bin/vite.js"
      },
      "engines": {
        "node": "^18.0.0 || >=20.0.0"
      },
      "funding": {
        "url": "https://github.com/vitejs/vite?sponsor=1"
      },
      "optionalDependencies": {
        "fsevents": "~2.3.3"
      },
      "peerDependencies": {
        "@types/node": "^18.0.0 || >=20.0.0",
        "less": "*",
        "lightningcss": "^1.21.0",
        "sass": "*",
        "stylus": "*",
        "sugarss": "*",
        "terser": "^5.4.0"
      },
      "peerDependenciesMeta": {
        "@types/node": {
          "optional": true
        },
        "less": {
          "optional": true
        },
        "lightningcss": {
          "optional": true
        },
        "sass": {
          "optional": true
        },
        "stylus": {
          "optional": true
        },
        "sugarss": {
          "optional": true
        },
        "terser": {
          "optional": true
        }
      }
    }
  }
}
